
Microsoft Visual Studio Solution File, Format Version 12.00
# Visual Studio Version 17
VisualStudioVersion = 17.4.33110.190
MinimumVisualStudioVersion = 10.0.40219.1
Project("{9A19103F-16F7-4668-BE54-9A1E7A4F7556}") = "MicroservicesProject.Server", "MicroservicesProject\Server\MicroservicesProject.Server.csproj", "{F8CFAFB7-1118-458B-B8D3-18DF1AAACAC7}"
EndProject
Project("{9A19103F-16F7-4668-BE54-9A1E7A4F7556}") = "MicroservicesProject.Client", "MicroservicesProject\Client\MicroservicesProject.Client.csproj", "{A42585FA-AB36-4785-A85A-1620A5E8BABB}"
EndProject
Project("{9A19103F-16F7-4668-BE54-9A1E7A4F7556}") = "MicroservicesProject.Shared", "MicroservicesProject\Shared\MicroservicesProject.Shared.csproj", "{BF3C7969-3448-4AE3-90E4-7235E21F3893}"
EndProject
Project("{2150E333-8FDC-42A3-9474-1A3956D46DE8}") = "App", "App", "{B3F28B7A-9E91-4BD1-A78E-54B364A0E68D}"
EndProject
Project("{2150E333-8FDC-42A3-9474-1A3956D46DE8}") = "Base", "Base", "{6E2AC3F8-84CC-4EA1-AF94-ACE91C0B5614}"
EndProject
Project("{2150E333-8FDC-42A3-9474-1A3956D46DE8}") = "Service", "Service", "{4474FA0A-63CA-4BB9-B6AE-496F400A811F}"
EndProject
Project("{2150E333-8FDC-42A3-9474-1A3956D46DE8}") = "Mail", "Mail", "{BF5A1544-411E-42DC-8EBF-882324DE957C}"
EndProject
Project("{9A19103F-16F7-4668-BE54-9A1E7A4F7556}") = "MicroservicesProject.Mail.Domain", "MicroservicesProject.Mail.Domain\MicroservicesProject.Mail.Domain.csproj", "{6827642B-D741-4F18-B555-B6833F258159}"
EndProject
Project("{2150E333-8FDC-42A3-9474-1A3956D46DE8}") = "Students", "Students", "{CF15D636-8C79-478B-9E06-4D7E4DDB40C8}"
EndProject
Project("{2150E333-8FDC-42A3-9474-1A3956D46DE8}") = "User", "User", "{6F3EB68D-7A0F-41AD-AAAA-F401427AF662}"
EndProject
Project("{9A19103F-16F7-4668-BE54-9A1E7A4F7556}") = "MicroservicesProject.Users.Domain", "MicroservicesProject.Users.Domain\MicroservicesProject.Users.Domain.csproj", "{292B8176-A87D-4A4A-932E-CFBF84485BD8}"
EndProject
Project("{9A19103F-16F7-4668-BE54-9A1E7A4F7556}") = "MicroservicesProject.Students.Domain", "MicroservicesProject.Students.Domain\MicroservicesProject.Students.Domain.csproj", "{DE0AD1B7-39E6-4000-B884-07E860653AB9}"
EndProject
Project("{2150E333-8FDC-42A3-9474-1A3956D46DE8}") = "Events", "Events", "{31107F02-530B-4262-9965-86F6361B217C}"
EndProject
Project("{9A19103F-16F7-4668-BE54-9A1E7A4F7556}") = "MicroservicesProject.Events.Domain", "MicroservicesProject.Events.Domain\MicroservicesProject.Events.Domain.csproj", "{9CB06A8A-92CC-43A2-B4DA-BE7B10ECA9C6}"
EndProject
Project("{9A19103F-16F7-4668-BE54-9A1E7A4F7556}") = "MicroservicesProject.Events.Service", "MicroservicesProject.Events.Service\MicroservicesProject.Events.Service.csproj", "{723FD655-1D19-4DD1-8F4C-1C52E70951F2}"
EndProject
Project("{9A19103F-16F7-4668-BE54-9A1E7A4F7556}") = "MicroservicesProject.Mail.Service", "MicroservicesProject.Mail.Service\MicroservicesProject.Mail.Service.csproj", "{156E1ECD-3C99-4332-BE73-6F044284BB8E}"
EndProject
Project("{9A19103F-16F7-4668-BE54-9A1E7A4F7556}") = "MicroservicesProject.Users.Service", "MicroservicesProject.Users.Service\MicroservicesProject.Users.Service.csproj", "{13747F26-DB10-4DD0-B4F6-5FA4DD9E277D}"
EndProject
Project("{9A19103F-16F7-4668-BE54-9A1E7A4F7556}") = "MicroservicesProject.Students.Service", "MicroservicesProject.Students.Service\MicroservicesProject.Students.Service.csproj", "{5C74F58E-1DF7-465D-98FD-8F52A4CAB7FF}"
EndProject
Project("{2150E333-8FDC-42A3-9474-1A3956D46DE8}") = "Courses", "Courses", "{9CF59ED5-76FD-4647-9E8D-F87C61F65EF4}"
EndProject
Project("{9A19103F-16F7-4668-BE54-9A1E7A4F7556}") = "MicroservicesProject.Courses.Domain", "MicroservicesProject.Courses.Domain\MicroservicesProject.Courses.Domain.csproj", "{2F49F74B-A6C5-4179-B395-12B032688835}"
EndProject
Project("{9A19103F-16F7-4668-BE54-9A1E7A4F7556}") = "MicroservicesProject.Courses.Service", "MicroservicesProject.Courses.Service\MicroservicesProject.Courses.Service.csproj", "{C504BD00-6A6B-4F2D-93CC-BF8D0C609846}"
EndProject
Project("{2150E333-8FDC-42A3-9474-1A3956D46DE8}") = "Invitations", "Invitations", "{A417415B-B7EB-429F-90F4-56DD947577C2}"
EndProject
Project("{9A19103F-16F7-4668-BE54-9A1E7A4F7556}") = "MicroservicesProject.Invitations.Domain", "MicroservicesProject.Invitations.Domain\MicroservicesProject.Invitations.Domain.csproj", "{DE50D86A-7E0A-4C0B-9D4F-2662A0BB2BE2}"
EndProject
Project("{9A19103F-16F7-4668-BE54-9A1E7A4F7556}") = "MicroservicesProject.Invitations.Service", "MicroservicesProject.Invitations.Service\MicroservicesProject.Invitations.Service.csproj", "{39B370E7-7117-4607-B0D7-3906D121AFB9}"
EndProject
Global
	GlobalSection(SolutionConfigurationPlatforms) = preSolution
		Debug|Any CPU = Debug|Any CPU
		Release|Any CPU = Release|Any CPU
	EndGlobalSection
	GlobalSection(ProjectConfigurationPlatforms) = postSolution
		{F8CFAFB7-1118-458B-B8D3-18DF1AAACAC7}.Debug|Any CPU.ActiveCfg = Debug|Any CPU
		{F8CFAFB7-1118-458B-B8D3-18DF1AAACAC7}.Debug|Any CPU.Build.0 = Debug|Any CPU
		{F8CFAFB7-1118-458B-B8D3-18DF1AAACAC7}.Release|Any CPU.ActiveCfg = Release|Any CPU
		{F8CFAFB7-1118-458B-B8D3-18DF1AAACAC7}.Release|Any CPU.Build.0 = Release|Any CPU
		{A42585FA-AB36-4785-A85A-1620A5E8BABB}.Debug|Any CPU.ActiveCfg = Debug|Any CPU
		{A42585FA-AB36-4785-A85A-1620A5E8BABB}.Debug|Any CPU.Build.0 = Debug|Any CPU
		{A42585FA-AB36-4785-A85A-1620A5E8BABB}.Release|Any CPU.ActiveCfg = Release|Any CPU
		{A42585FA-AB36-4785-A85A-1620A5E8BABB}.Release|Any CPU.Build.0 = Release|Any CPU
		{BF3C7969-3448-4AE3-90E4-7235E21F3893}.Debug|Any CPU.ActiveCfg = Debug|Any CPU
		{BF3C7969-3448-4AE3-90E4-7235E21F3893}.Debug|Any CPU.Build.0 = Debug|Any CPU
		{BF3C7969-3448-4AE3-90E4-7235E21F3893}.Release|Any CPU.ActiveCfg = Release|Any CPU
		{BF3C7969-3448-4AE3-90E4-7235E21F3893}.Release|Any CPU.Build.0 = Release|Any CPU
		{6827642B-D741-4F18-B555-B6833F258159}.Debug|Any CPU.ActiveCfg = Debug|Any CPU
		{6827642B-D741-4F18-B555-B6833F258159}.Debug|Any CPU.Build.0 = Debug|Any CPU
		{6827642B-D741-4F18-B555-B6833F258159}.Release|Any CPU.ActiveCfg = Release|Any CPU
		{6827642B-D741-4F18-B555-B6833F258159}.Release|Any CPU.Build.0 = Release|Any CPU
		{292B8176-A87D-4A4A-932E-CFBF84485BD8}.Debug|Any CPU.ActiveCfg = Debug|Any CPU
		{292B8176-A87D-4A4A-932E-CFBF84485BD8}.Debug|Any CPU.Build.0 = Debug|Any CPU
		{292B8176-A87D-4A4A-932E-CFBF84485BD8}.Release|Any CPU.ActiveCfg = Release|Any CPU
		{292B8176-A87D-4A4A-932E-CFBF84485BD8}.Release|Any CPU.Build.0 = Release|Any CPU
		{DE0AD1B7-39E6-4000-B884-07E860653AB9}.Debug|Any CPU.ActiveCfg = Debug|Any CPU
		{DE0AD1B7-39E6-4000-B884-07E860653AB9}.Debug|Any CPU.Build.0 = Debug|Any CPU
		{DE0AD1B7-39E6-4000-B884-07E860653AB9}.Release|Any CPU.ActiveCfg = Release|Any CPU
		{DE0AD1B7-39E6-4000-B884-07E860653AB9}.Release|Any CPU.Build.0 = Release|Any CPU
		{9CB06A8A-92CC-43A2-B4DA-BE7B10ECA9C6}.Debug|Any CPU.ActiveCfg = Debug|Any CPU
		{9CB06A8A-92CC-43A2-B4DA-BE7B10ECA9C6}.Debug|Any CPU.Build.0 = Debug|Any CPU
		{9CB06A8A-92CC-43A2-B4DA-BE7B10ECA9C6}.Release|Any CPU.ActiveCfg = Release|Any CPU
		{9CB06A8A-92CC-43A2-B4DA-BE7B10ECA9C6}.Release|Any CPU.Build.0 = Release|Any CPU
		{723FD655-1D19-4DD1-8F4C-1C52E70951F2}.Debug|Any CPU.ActiveCfg = Debug|Any CPU
		{723FD655-1D19-4DD1-8F4C-1C52E70951F2}.Debug|Any CPU.Build.0 = Debug|Any CPU
		{723FD655-1D19-4DD1-8F4C-1C52E70951F2}.Release|Any CPU.ActiveCfg = Release|Any CPU
		{723FD655-1D19-4DD1-8F4C-1C52E70951F2}.Release|Any CPU.Build.0 = Release|Any CPU
		{156E1ECD-3C99-4332-BE73-6F044284BB8E}.Debug|Any CPU.ActiveCfg = Debug|Any CPU
		{156E1ECD-3C99-4332-BE73-6F044284BB8E}.Debug|Any CPU.Build.0 = Debug|Any CPU
		{156E1ECD-3C99-4332-BE73-6F044284BB8E}.Release|Any CPU.ActiveCfg = Release|Any CPU
		{156E1ECD-3C99-4332-BE73-6F044284BB8E}.Release|Any CPU.Build.0 = Release|Any CPU
		{13747F26-DB10-4DD0-B4F6-5FA4DD9E277D}.Debug|Any CPU.ActiveCfg = Debug|Any CPU
		{13747F26-DB10-4DD0-B4F6-5FA4DD9E277D}.Debug|Any CPU.Build.0 = Debug|Any CPU
		{13747F26-DB10-4DD0-B4F6-5FA4DD9E277D}.Release|Any CPU.ActiveCfg = Release|Any CPU
		{13747F26-DB10-4DD0-B4F6-5FA4DD9E277D}.Release|Any CPU.Build.0 = Release|Any CPU
		{5C74F58E-1DF7-465D-98FD-8F52A4CAB7FF}.Debug|Any CPU.ActiveCfg = Debug|Any CPU
		{5C74F58E-1DF7-465D-98FD-8F52A4CAB7FF}.Debug|Any CPU.Build.0 = Debug|Any CPU
		{5C74F58E-1DF7-465D-98FD-8F52A4CAB7FF}.Release|Any CPU.ActiveCfg = Release|Any CPU
		{5C74F58E-1DF7-465D-98FD-8F52A4CAB7FF}.Release|Any CPU.Build.0 = Release|Any CPU
		{2F49F74B-A6C5-4179-B395-12B032688835}.Debug|Any CPU.ActiveCfg = Debug|Any CPU
		{2F49F74B-A6C5-4179-B395-12B032688835}.Debug|Any CPU.Build.0 = Debug|Any CPU
		{2F49F74B-A6C5-4179-B395-12B032688835}.Release|Any CPU.ActiveCfg = Release|Any CPU
		{2F49F74B-A6C5-4179-B395-12B032688835}.Release|Any CPU.Build.0 = Release|Any CPU
		{C504BD00-6A6B-4F2D-93CC-BF8D0C609846}.Debug|Any CPU.ActiveCfg = Debug|Any CPU
		{C504BD00-6A6B-4F2D-93CC-BF8D0C609846}.Debug|Any CPU.Build.0 = Debug|Any CPU
		{C504BD00-6A6B-4F2D-93CC-BF8D0C609846}.Release|Any CPU.ActiveCfg = Release|Any CPU
		{C504BD00-6A6B-4F2D-93CC-BF8D0C609846}.Release|Any CPU.Build.0 = Release|Any CPU
		{DE50D86A-7E0A-4C0B-9D4F-2662A0BB2BE2}.Debug|Any CPU.ActiveCfg = Debug|Any CPU
		{DE50D86A-7E0A-4C0B-9D4F-2662A0BB2BE2}.Debug|Any CPU.Build.0 = Debug|Any CPU
		{DE50D86A-7E0A-4C0B-9D4F-2662A0BB2BE2}.Release|Any CPU.ActiveCfg = Release|Any CPU
		{DE50D86A-7E0A-4C0B-9D4F-2662A0BB2BE2}.Release|Any CPU.Build.0 = Release|Any CPU
		{39B370E7-7117-4607-B0D7-3906D121AFB9}.Debug|Any CPU.ActiveCfg = Debug|Any CPU
		{39B370E7-7117-4607-B0D7-3906D121AFB9}.Debug|Any CPU.Build.0 = Debug|Any CPU
		{39B370E7-7117-4607-B0D7-3906D121AFB9}.Release|Any CPU.ActiveCfg = Release|Any CPU
		{39B370E7-7117-4607-B0D7-3906D121AFB9}.Release|Any CPU.Build.0 = Release|Any CPU
	EndGlobalSection
	GlobalSection(SolutionProperties) = preSolution
		HideSolutionNode = FALSE
	EndGlobalSection
	GlobalSection(NestedProjects) = preSolution
		{F8CFAFB7-1118-458B-B8D3-18DF1AAACAC7} = {B3F28B7A-9E91-4BD1-A78E-54B364A0E68D}
		{A42585FA-AB36-4785-A85A-1620A5E8BABB} = {B3F28B7A-9E91-4BD1-A78E-54B364A0E68D}
		{BF3C7969-3448-4AE3-90E4-7235E21F3893} = {6E2AC3F8-84CC-4EA1-AF94-ACE91C0B5614}
		{BF5A1544-411E-42DC-8EBF-882324DE957C} = {4474FA0A-63CA-4BB9-B6AE-496F400A811F}
		{6827642B-D741-4F18-B555-B6833F258159} = {BF5A1544-411E-42DC-8EBF-882324DE957C}
		{CF15D636-8C79-478B-9E06-4D7E4DDB40C8} = {4474FA0A-63CA-4BB9-B6AE-496F400A811F}
		{6F3EB68D-7A0F-41AD-AAAA-F401427AF662} = {4474FA0A-63CA-4BB9-B6AE-496F400A811F}
		{292B8176-A87D-4A4A-932E-CFBF84485BD8} = {6F3EB68D-7A0F-41AD-AAAA-F401427AF662}
		{DE0AD1B7-39E6-4000-B884-07E860653AB9} = {CF15D636-8C79-478B-9E06-4D7E4DDB40C8}
		{31107F02-530B-4262-9965-86F6361B217C} = {4474FA0A-63CA-4BB9-B6AE-496F400A811F}
		{9CB06A8A-92CC-43A2-B4DA-BE7B10ECA9C6} = {31107F02-530B-4262-9965-86F6361B217C}
		{723FD655-1D19-4DD1-8F4C-1C52E70951F2} = {31107F02-530B-4262-9965-86F6361B217C}
		{156E1ECD-3C99-4332-BE73-6F044284BB8E} = {BF5A1544-411E-42DC-8EBF-882324DE957C}
		{13747F26-DB10-4DD0-B4F6-5FA4DD9E277D} = {6F3EB68D-7A0F-41AD-AAAA-F401427AF662}
		{5C74F58E-1DF7-465D-98FD-8F52A4CAB7FF} = {CF15D636-8C79-478B-9E06-4D7E4DDB40C8}
		{9CF59ED5-76FD-4647-9E8D-F87C61F65EF4} = {4474FA0A-63CA-4BB9-B6AE-496F400A811F}
		{2F49F74B-A6C5-4179-B395-12B032688835} = {9CF59ED5-76FD-4647-9E8D-F87C61F65EF4}
		{C504BD00-6A6B-4F2D-93CC-BF8D0C609846} = {9CF59ED5-76FD-4647-9E8D-F87C61F65EF4}
		{A417415B-B7EB-429F-90F4-56DD947577C2} = {4474FA0A-63CA-4BB9-B6AE-496F400A811F}
		{DE50D86A-7E0A-4C0B-9D4F-2662A0BB2BE2} = {A417415B-B7EB-429F-90F4-56DD947577C2}
		{39B370E7-7117-4607-B0D7-3906D121AFB9} = {A417415B-B7EB-429F-90F4-56DD947577C2}
	EndGlobalSection
	GlobalSection(ExtensibilityGlobals) = postSolution
		SolutionGuid = {D5DE0ED5-CE58-4DA4-93E7-C9CA76C8E0E4}
	EndGlobalSection
EndGlobal
